
Microsoft Visual Studio Solution File, Format Version 12.00
# Visual Studio Version 16
VisualStudioVersion = 16.0.30611.23
MinimumVisualStudioVersion = 10.0.40219.1
Project("{FAE04EC0-301F-11D3-BF4B-00C04F79EFBC}") = "ToDo", "ToDo.csproj", "{BEC5904F-E24C-41CF-9256-088E53530CF4}"
EndProject
Global
	GlobalSection(SolutionConfigurationPlatforms) = preSolution
		Debug|Any CPU = Debug|Any CPU
		Release|Any CPU = Release|Any CPU
	EndGlobalSection
	GlobalSection(ProjectConfigurationPlatforms) = postSolution
		{BEC5904F-E24C-41CF-9256-088E53530CF4}.Debug|Any CPU.ActiveCfg = Debug|Any CPU
		{BEC5904F-E24C-41CF-9256-088E53530CF4}.Debug|Any CPU.Build.0 = Debug|Any CPU
		{BEC5904F-E24C-41CF-9256-088E53530CF4}.Release|Any CPU.ActiveCfg = Release|Any CPU
		{BEC5904F-E24C-41CF-9256-088E53530CF4}.Release|Any CPU.Build.0 = Release|Any CPU
	EndGlobalSection
	GlobalSection(SolutionProperties) = preSolution
		HideSolutionNode = FALSE
	EndGlobalSection
	GlobalSection(ExtensibilityGlobals) = postSolution
		SolutionGuid = {2C6A0AFC-86C0-45C4-B1EB-5A8445858083}
	EndGlobalSection
EndGlobal
